
Microsoft Visual Studio Solution File, Format Version 12.00
# Visual Studio Version 16
VisualStudioVersion = 16.0.809.8
MinimumVisualStudioVersion = 10.0.40219.1
Project("{FAE04EC0-301F-11D3-BF4B-00C04F79EFBC}") = "communication-log", "communication-log\communication-log.csproj", "{3408E168-7B08-458C-8CC6-E9C498E0AA02}"
EndProject
Global
	GlobalSection(SolutionConfigurationPlatforms) = preSolution
		Debug|Any CPU = Debug|Any CPU
		Release|Any CPU = Release|Any CPU
	EndGlobalSection
	GlobalSection(ProjectConfigurationPlatforms) = postSolution
		{3408E168-7B08-458C-8CC6-E9C498E0AA02}.Debug|Any CPU.ActiveCfg = Debug|Any CPU
		{3408E168-7B08-458C-8CC6-E9C498E0AA02}.Debug|Any CPU.Build.0 = Debug|Any CPU
		{3408E168-7B08-458C-8CC6-E9C498E0AA02}.Release|Any CPU.ActiveCfg = Release|Any CPU
		{3408E168-7B08-458C-8CC6-E9C498E0AA02}.Release|Any CPU.Build.0 = Release|Any CPU
	EndGlobalSection
	GlobalSection(SolutionProperties) = preSolution
		HideSolutionNode = FALSE
	EndGlobalSection
	GlobalSection(ExtensibilityGlobals) = postSolution
		SolutionGuid = {20AFDBA2-812D-4665-A3F2-DDDD492594AC}
	EndGlobalSection
EndGlobal
